
Microsoft Visual Studio Solution File, Format Version 12.00
# Visual Studio Version 16
VisualStudioVersion = 16.0.808.4
MinimumVisualStudioVersion = 10.0.40219.1
Project("{FAE04EC0-301F-11D3-BF4B-00C04F79EFBC}") = "CreateDb", "CreateDb\CreateDb.csproj", "{05363AB3-B65D-4CB3-96F6-3F5F85A5FFAA}"
EndProject
Global
	GlobalSection(SolutionConfigurationPlatforms) = preSolution
		Debug|Any CPU = Debug|Any CPU
		Release|Any CPU = Release|Any CPU
	EndGlobalSection
	GlobalSection(ProjectConfigurationPlatforms) = postSolution
		{05363AB3-B65D-4CB3-96F6-3F5F85A5FFAA}.Debug|Any CPU.ActiveCfg = Debug|Any CPU
		{05363AB3-B65D-4CB3-96F6-3F5F85A5FFAA}.Debug|Any CPU.Build.0 = Debug|Any CPU
		{05363AB3-B65D-4CB3-96F6-3F5F85A5FFAA}.Release|Any CPU.ActiveCfg = Release|Any CPU
		{05363AB3-B65D-4CB3-96F6-3F5F85A5FFAA}.Release|Any CPU.Build.0 = Release|Any CPU
	EndGlobalSection
	GlobalSection(SolutionProperties) = preSolution
		HideSolutionNode = FALSE
	EndGlobalSection
	GlobalSection(ExtensibilityGlobals) = postSolution
		SolutionGuid = {EB5A9DAD-E9D3-4C20-B6CE-F5F632D98ABB}
	EndGlobalSection
EndGlobal
